
Microsoft Visual Studio Solution File, Format Version 12.00
# Visual Studio 15
Project("{FAE04EC0-301F-11D3-BF4B-00C04F79EFBC}") = "Unity.XR.Interaction.Toolkit.Samples.StarterAssets", "Unity.XR.Interaction.Toolkit.Samples.StarterAssets.csproj", "{CAC6C9D4-5CF0-1E24-5BC6-9244628FDE25}"
EndProject
Project("{FAE04EC0-301F-11D3-BF4B-00C04F79EFBC}") = "Assembly-CSharp", "Assembly-CSharp.csproj", "{01F340B7-EE48-777C-7638-61364B80D19C}"
EndProject
Project("{FAE04EC0-301F-11D3-BF4B-00C04F79EFBC}") = "Unity.XR.Interaction.Toolkit.Samples.DeviceSimulator", "Unity.XR.Interaction.Toolkit.Samples.DeviceSimulator.csproj", "{F50C8AC7-52FD-6E60-0E14-22F480358882}"
EndProject
Project("{FAE04EC0-301F-11D3-BF4B-00C04F79EFBC}") = "Assembly-CSharp-Editor", "Assembly-CSharp-Editor.csproj", "{153B53AF-C98F-6D74-0BAC-7231BF170ED9}"
EndProject
Project("{FAE04EC0-301F-11D3-BF4B-00C04F79EFBC}") = "Unity.XR.Interaction.Toolkit.Samples.StarterAssets.Editor", "Unity.XR.Interaction.Toolkit.Samples.StarterAssets.Editor.csproj", "{844CA6D4-0ACB-BF96-0BC0-35DEB1104809}"
EndProject
Global
	GlobalSection(SolutionConfigurationPlatforms) = preSolution
		Debug|Any CPU = Debug|Any CPU
		Release|Any CPU = Release|Any CPU
	EndGlobalSection
	GlobalSection(ProjectConfigurationPlatforms) = postSolution
		{CAC6C9D4-5CF0-1E24-5BC6-9244628FDE25}.Debug|Any CPU.ActiveCfg = Debug|Any CPU
		{CAC6C9D4-5CF0-1E24-5BC6-9244628FDE25}.Debug|Any CPU.Build.0 = Debug|Any CPU
		{CAC6C9D4-5CF0-1E24-5BC6-9244628FDE25}.Release|Any CPU.ActiveCfg = Release|Any CPU
		{CAC6C9D4-5CF0-1E24-5BC6-9244628FDE25}.Release|Any CPU.Build.0 = Release|Any CPU
		{01F340B7-EE48-777C-7638-61364B80D19C}.Debug|Any CPU.ActiveCfg = Debug|Any CPU
		{01F340B7-EE48-777C-7638-61364B80D19C}.Debug|Any CPU.Build.0 = Debug|Any CPU
		{01F340B7-EE48-777C-7638-61364B80D19C}.Release|Any CPU.ActiveCfg = Release|Any CPU
		{01F340B7-EE48-777C-7638-61364B80D19C}.Release|Any CPU.Build.0 = Release|Any CPU
		{F50C8AC7-52FD-6E60-0E14-22F480358882}.Debug|Any CPU.ActiveCfg = Debug|Any CPU
		{F50C8AC7-52FD-6E60-0E14-22F480358882}.Debug|Any CPU.Build.0 = Debug|Any CPU
		{F50C8AC7-52FD-6E60-0E14-22F480358882}.Release|Any CPU.ActiveCfg = Release|Any CPU
		{F50C8AC7-52FD-6E60-0E14-22F480358882}.Release|Any CPU.Build.0 = Release|Any CPU
		{153B53AF-C98F-6D74-0BAC-7231BF170ED9}.Debug|Any CPU.ActiveCfg = Debug|Any CPU
		{153B53AF-C98F-6D74-0BAC-7231BF170ED9}.Debug|Any CPU.Build.0 = Debug|Any CPU
		{153B53AF-C98F-6D74-0BAC-7231BF170ED9}.Release|Any CPU.ActiveCfg = Release|Any CPU
		{153B53AF-C98F-6D74-0BAC-7231BF170ED9}.Release|Any CPU.Build.0 = Release|Any CPU
		{844CA6D4-0ACB-BF96-0BC0-35DEB1104809}.Debug|Any CPU.ActiveCfg = Debug|Any CPU
		{844CA6D4-0ACB-BF96-0BC0-35DEB1104809}.Debug|Any CPU.Build.0 = Debug|Any CPU
		{844CA6D4-0ACB-BF96-0BC0-35DEB1104809}.Release|Any CPU.ActiveCfg = Release|Any CPU
		{844CA6D4-0ACB-BF96-0BC0-35DEB1104809}.Release|Any CPU.Build.0 = Release|Any CPU
	EndGlobalSection
	GlobalSection(SolutionProperties) = preSolution
		HideSolutionNode = FALSE
	EndGlobalSection
EndGlobal
